
Microsoft Visual Studio Solution File, Format Version 12.00
# Visual Studio 15
VisualStudioVersion = 15.0.26730.16
MinimumVisualStudioVersion = 10.0.40219.1
Project("{FAE04EC0-301F-11D3-BF4B-00C04F79EFBC}") = "Proiect2", "Proiect2\Proiect2.csproj", "{CC88B947-C0BC-42CF-BF8A-E17C644B8D19}"
EndProject
Global
	GlobalSection(SolutionConfigurationPlatforms) = preSolution
		Debug|Any CPU = Debug|Any CPU
		Release|Any CPU = Release|Any CPU
	EndGlobalSection
	GlobalSection(ProjectConfigurationPlatforms) = postSolution
		{CC88B947-C0BC-42CF-BF8A-E17C644B8D19}.Debug|Any CPU.ActiveCfg = Debug|Any CPU
		{CC88B947-C0BC-42CF-BF8A-E17C644B8D19}.Debug|Any CPU.Build.0 = Debug|Any CPU
		{CC88B947-C0BC-42CF-BF8A-E17C644B8D19}.Release|Any CPU.ActiveCfg = Release|Any CPU
		{CC88B947-C0BC-42CF-BF8A-E17C644B8D19}.Release|Any CPU.Build.0 = Release|Any CPU
	EndGlobalSection
	GlobalSection(SolutionProperties) = preSolution
		HideSolutionNode = FALSE
	EndGlobalSection
	GlobalSection(ExtensibilityGlobals) = postSolution
		SolutionGuid = {9F8DA79A-2A0B-4309-B1BC-9145FA3C2E36}
	EndGlobalSection
EndGlobal
